// !$*UTF8*$!
{
	archiveVersion = 1;
	classes = {
	};
	objectVersion = 63;
	objects = {

/* Begin PBXBuildFile section */
		72370C2D2EA7D5F9003FB79F /* Assets.xcassets in Resources */ = {isa = PBXBuildFile; fileRef = 72370C2A2EA7D5F9003FB79F /* Assets.xcassets */; };
		72370C2E2EA7D5F9003FB79F /* ChicknRabbitFarmApp.swift in Sources */ = {isa = PBXBuildFile; fileRef = 72370C2B2EA7D5F9003FB79F /* ChicknRabbitFarmApp.swift */; };
		72370C342EA7D633003FB79F /* View+Extensions.swift in Sources */ = {isa = PBXBuildFile; fileRef = 72370C302EA7D633003FB79F /* View+Extensions.swift */; };
		72370C352EA7D633003FB79F /* ShapeStyle+Extensions.swift in Sources */ = {isa = PBXBuildFile; fileRef = 72370C322EA7D633003FB79F /* ShapeStyle+Extensions.swift */; };
		72370C362EA7D633003FB79F /* Color+Extensions.swift in Sources */ = {isa = PBXBuildFile; fileRef = 72370C312EA7D633003FB79F /* Color+Extensions.swift */; };
		72370C3C2EA7D639003FB79F /* CRLaunchView.swift in Sources */ = {isa = PBXBuildFile; fileRef = 72370C392EA7D639003FB79F /* CRLaunchView.swift */; };
		72370C3D2EA7D639003FB79F /* CRHomeWebView.swift in Sources */ = {isa = PBXBuildFile; fileRef = 72370C372EA7D639003FB79F /* CRHomeWebView.swift */; };
		A4AABAEF0A19A89223081A0C /* Pods_ChicknRabbitFarm.framework in Frameworks */ = {isa = PBXBuildFile; fileRef = 295684F606719F3F6ACFD99B /* Pods_ChicknRabbitFarm.framework */; };
/* End PBXBuildFile section */

/* Begin PBXFileReference section */
		295684F606719F3F6ACFD99B /* Pods_ChicknRabbitFarm.framework */ = {isa = PBXFileReference; explicitFileType = wrapper.framework; includeInIndex = 0; path = Pods_ChicknRabbitFarm.framework; sourceTree = BUILT_PRODUCTS_DIR; };
		72370C142EA7D578003FB79F /* ChicknRabbitFarm.app */ = {isa = PBXFileReference; explicitFileType = wrapper.application; includeInIndex = 0; path = ChicknRabbitFarm.app; sourceTree = BUILT_PRODUCTS_DIR; };
		72370C2A2EA7D5F9003FB79F /* Assets.xcassets */ = {isa = PBXFileReference; lastKnownFileType = folder.assetcatalog; path = Assets.xcassets; sourceTree = "<group>"; };
		72370C2B2EA7D5F9003FB79F /* ChicknRabbitFarmApp.swift */ = {isa = PBXFileReference; lastKnownFileType = sourcecode.swift; path = ChicknRabbitFarmApp.swift; sourceTree = "<group>"; };
		72370C302EA7D633003FB79F /* View+Extensions.swift */ = {isa = PBXFileReference; lastKnownFileType = sourcecode.swift; path = "View+Extensions.swift"; sourceTree = "<group>"; };
		72370C312EA7D633003FB79F /* Color+Extensions.swift */ = {isa = PBXFileReference; lastKnownFileType = sourcecode.swift; path = "Color+Extensions.swift"; sourceTree = "<group>"; };
		72370C322EA7D633003FB79F /* ShapeStyle+Extensions.swift */ = {isa = PBXFileReference; lastKnownFileType = sourcecode.swift; path = "ShapeStyle+Extensions.swift"; sourceTree = "<group>"; };
		72370C372EA7D639003FB79F /* CRHomeWebView.swift */ = {isa = PBXFileReference; lastKnownFileType = sourcecode.swift; path = CRHomeWebView.swift; sourceTree = "<group>"; };
		72370C392EA7D639003FB79F /* CRLaunchView.swift */ = {isa = PBXFileReference; lastKnownFileType = sourcecode.swift; path = CRLaunchView.swift; sourceTree = "<group>"; };
		72370C3E2EA7D6A2003FB79F /* Info.plist */ = {isa = PBXFileReference; lastKnownFileType = text.plist; path = Info.plist; sourceTree = "<group>"; };
		9A31CF2628201B6A0F97FB77 /* Pods-ChicknRabbitFarm.debug.xcconfig */ = {isa = PBXFileReference; includeInIndex = 1; lastKnownFileType = text.xcconfig; name = "Pods-ChicknRabbitFarm.debug.xcconfig"; path = "Target Support Files/Pods-ChicknRabbitFarm/Pods-ChicknRabbitFarm.debug.xcconfig"; sourceTree = "<group>"; };
		A29355619958D28D683B1E37 /* Pods-ChicknRabbitFarm.release.xcconfig */ = {isa = PBXFileReference; includeInIndex = 1; lastKnownFileType = text.xcconfig; name = "Pods-ChicknRabbitFarm.release.xcconfig"; path = "Target Support Files/Pods-ChicknRabbitFarm/Pods-ChicknRabbitFarm.release.xcconfig"; sourceTree = "<group>"; };
/* End PBXFileReference section */

/* Begin PBXFrameworksBuildPhase section */
		72370C112EA7D578003FB79F /* Frameworks */ = {
			isa = PBXFrameworksBuildPhase;
			buildActionMask = 2147483647;
			files = (
				A4AABAEF0A19A89223081A0C /* Pods_ChicknRabbitFarm.framework in Frameworks */,
			);
			runOnlyForDeploymentPostprocessing = 0;
		};
/* End PBXFrameworksBuildPhase section */

/* Begin PBXGroup section */
		704C663D24A6EE82AF59923F /* Pods */ = {
			isa = PBXGroup;
			children = (
				9A31CF2628201B6A0F97FB77 /* Pods-ChicknRabbitFarm.debug.xcconfig */,
				A29355619958D28D683B1E37 /* Pods-ChicknRabbitFarm.release.xcconfig */,
			);
			path = Pods;
			sourceTree = "<group>";
		};
		72370C0B2EA7D578003FB79F = {
			isa = PBXGroup;
			children = (
				72370C2C2EA7D5F9003FB79F /* ChicknRabbitFarm */,
				72370C152EA7D578003FB79F /* Products */,
				704C663D24A6EE82AF59923F /* Pods */,
				88B04277BF86D5F1080150D1 /* Frameworks */,
			);
			sourceTree = "<group>";
		};
		72370C152EA7D578003FB79F /* Products */ = {
			isa = PBXGroup;
			children = (
				72370C142EA7D578003FB79F /* ChicknRabbitFarm.app */,
			);
			name = Products;
			sourceTree = "<group>";
		};
		72370C2C2EA7D5F9003FB79F /* ChicknRabbitFarm */ = {
			isa = PBXGroup;
			children = (
				72370C3E2EA7D6A2003FB79F /* Info.plist */,
				72370C3B2EA7D639003FB79F /* Screens */,
				72370C332EA7D633003FB79F /* Extensions */,
				72370C2F2EA7D5FD003FB79F /* App */,
				72370C2A2EA7D5F9003FB79F /* Assets.xcassets */,
			);
			path = ChicknRabbitFarm;
			sourceTree = "<group>";
		};
		72370C2F2EA7D5FD003FB79F /* App */ = {
			isa = PBXGroup;
			children = (
				72370C2B2EA7D5F9003FB79F /* ChicknRabbitFarmApp.swift */,
			);
			path = App;
			sourceTree = "<group>";
		};
		72370C332EA7D633003FB79F /* Extensions */ = {
			isa = PBXGroup;
			children = (
				72370C302EA7D633003FB79F /* View+Extensions.swift */,
				72370C312EA7D633003FB79F /* Color+Extensions.swift */,
				72370C322EA7D633003FB79F /* ShapeStyle+Extensions.swift */,
			);
			path = Extensions;
			sourceTree = "<group>";
		};
		72370C382EA7D639003FB79F /* HomeWebScreen */ = {
			isa = PBXGroup;
			children = (
				72370C372EA7D639003FB79F /* CRHomeWebView.swift */,
			);
			path = HomeWebScreen;
			sourceTree = "<group>";
		};
		72370C3A2EA7D639003FB79F /* LaunchScreen */ = {
			isa = PBXGroup;
			children = (
				72370C392EA7D639003FB79F /* CRLaunchView.swift */,
			);
			path = LaunchScreen;
			sourceTree = "<group>";
		};
		72370C3B2EA7D639003FB79F /* Screens */ = {
			isa = PBXGroup;
			children = (
				72370C382EA7D639003FB79F /* HomeWebScreen */,
				72370C3A2EA7D639003FB79F /* LaunchScreen */,
			);
			path = Screens;
			sourceTree = "<group>";
		};
		88B04277BF86D5F1080150D1 /* Frameworks */ = {
			isa = PBXGroup;
			children = (
				295684F606719F3F6ACFD99B /* Pods_ChicknRabbitFarm.framework */,
			);
			name = Frameworks;
			sourceTree = "<group>";
		};
/* End PBXGroup section */

/* Begin PBXNativeTarget section */
		72370C132EA7D578003FB79F /* ChicknRabbitFarm */ = {
			isa = PBXNativeTarget;
			buildConfigurationList = 72370C202EA7D579003FB79F /* Build configuration list for PBXNativeTarget "ChicknRabbitFarm" */;
			buildPhases = (
				9BF4E6BD4DBEA69C13430A36 /* [CP] Check Pods Manifest.lock */,
				72370C102EA7D578003FB79F /* Sources */,
				72370C112EA7D578003FB79F /* Frameworks */,
				72370C122EA7D578003FB79F /* Resources */,
			);
			buildRules = (
			);
			dependencies = (
			);
			name = ChicknRabbitFarm;
			productName = ChicknRabbitFarm;
			productReference = 72370C142EA7D578003FB79F /* ChicknRabbitFarm.app */;
			productType = "com.apple.product-type.application";
		};
/* End PBXNativeTarget section */

/* Begin PBXProject section */
		72370C0C2EA7D578003FB79F /* Project object */ = {
			isa = PBXProject;
			attributes = {
				BuildIndependentTargetsInParallel = 1;
				LastSwiftUpdateCheck = 1630;
				LastUpgradeCheck = 1630;
				TargetAttributes = {
					72370C132EA7D578003FB79F = {
						CreatedOnToolsVersion = 16.3;
					};
				};
			};
			buildConfigurationList = 72370C0F2EA7D578003FB79F /* Build configuration list for PBXProject "ChicknRabbitFarm" */;
			compatibilityVersion = "Xcode 13.0";
			developmentRegion = en;
			hasScannedForEncodings = 0;
			knownRegions = (
				en,
				Base,
			);
			mainGroup = 72370C0B2EA7D578003FB79F;
			minimizedProjectReferenceProxies = 1;
			productRefGroup = 72370C152EA7D578003FB79F /* Products */;
			projectDirPath = "";
			projectRoot = "";
			targets = (
				72370C132EA7D578003FB79F /* ChicknRabbitFarm */,
			);
		};
/* End PBXProject section */

/* Begin PBXResourcesBuildPhase section */
		72370C122EA7D578003FB79F /* Resources */ = {
			isa = PBXResourcesBuildPhase;
			buildActionMask = 2147483647;
			files = (
				72370C2D2EA7D5F9003FB79F /* Assets.xcassets in Resources */,
			);
			runOnlyForDeploymentPostprocessing = 0;
		};
/* End PBXResourcesBuildPhase section */

/* Begin PBXShellScriptBuildPhase section */
		9BF4E6BD4DBEA69C13430A36 /* [CP] Check Pods Manifest.lock */ = {
			isa = PBXShellScriptBuildPhase;
			buildActionMask = 2147483647;
			files = (
			);
			inputFileListPaths = (
			);
			inputPaths = (
				"${PODS_PODFILE_DIR_PATH}/Podfile.lock",
				"${PODS_ROOT}/Manifest.lock",
			);
			name = "[CP] Check Pods Manifest.lock";
			outputFileListPaths = (
			);
			outputPaths = (
				"$(DERIVED_FILE_DIR)/Pods-ChicknRabbitFarm-checkManifestLockResult.txt",
			);
			runOnlyForDeploymentPostprocessing = 0;
			shellPath = /bin/sh;
			shellScript = "diff \"${PODS_PODFILE_DIR_PATH}/Podfile.lock\" \"${PODS_ROOT}/Manifest.lock\" > /dev/null\nif [ $? != 0 ] ; then\n    # print error to STDERR\n    echo \"error: The sandbox is not in sync with the Podfile.lock. Run 'pod install' or update your CocoaPods installation.\" >&2\n    exit 1\nfi\n# This output is used by Xcode 'outputs' to avoid re-running this script phase.\necho \"SUCCESS\" > \"${SCRIPT_OUTPUT_FILE_0}\"\n";
			showEnvVarsInLog = 0;
		};
/* End PBXShellScriptBuildPhase section */

/* Begin PBXSourcesBuildPhase section */
		72370C102EA7D578003FB79F /* Sources */ = {
			isa = PBXSourcesBuildPhase;
			buildActionMask = 2147483647;
			files = (
				72370C3C2EA7D639003FB79F /* CRLaunchView.swift in Sources */,
				72370C3D2EA7D639003FB79F /* CRHomeWebView.swift in Sources */,
				72370C342EA7D633003FB79F /* View+Extensions.swift in Sources */,
				72370C352EA7D633003FB79F /* ShapeStyle+Extensions.swift in Sources */,
				72370C362EA7D633003FB79F /* Color+Extensions.swift in Sources */,
				72370C2E2EA7D5F9003FB79F /* ChicknRabbitFarmApp.swift in Sources */,
			);
			runOnlyForDeploymentPostprocessing = 0;
		};
/* End PBXSourcesBuildPhase section */

/* Begin XCBuildConfiguration section */
		72370C1E2EA7D579003FB79F /* Debug */ = {
			isa = XCBuildConfiguration;
			buildSettings = {
				ALWAYS_SEARCH_USER_PATHS = NO;
				ASSETCATALOG_COMPILER_GENERATE_SWIFT_ASSET_SYMBOL_EXTENSIONS = YES;
				CLANG_ANALYZER_NONNULL = YES;
				CLANG_ANALYZER_NUMBER_OBJECT_CONVERSION = YES_AGGRESSIVE;
				CLANG_CXX_LANGUAGE_STANDARD = "gnu++20";
				CLANG_ENABLE_MODULES = YES;
				CLANG_ENABLE_OBJC_ARC = YES;
				CLANG_ENABLE_OBJC_WEAK = YES;
				CLANG_WARN_BLOCK_CAPTURE_AUTORELEASING = YES;
				CLANG_WARN_BOOL_CONVERSION = YES;
				CLANG_WARN_COMMA = YES;
				CLANG_WARN_CONSTANT_CONVERSION = YES;
				CLANG_WARN_DEPRECATED_OBJC_IMPLEMENTATIONS = YES;
				CLANG_WARN_DIRECT_OBJC_ISA_USAGE = YES_ERROR;
				CLANG_WARN_DOCUMENTATION_COMMENTS = YES;
				CLANG_WARN_EMPTY_BODY = YES;
				CLANG_WARN_ENUM_CONVERSION = YES;
				CLANG_WARN_INFINITE_RECURSION = YES;
				CLANG_WARN_INT_CONVERSION = YES;
				CLANG_WARN_NON_LITERAL_NULL_CONVERSION = YES;
				CLANG_WARN_OBJC_IMPLICIT_RETAIN_SELF = YES;
				CLANG_WARN_OBJC_LITERAL_CONVERSION = YES;
				CLANG_WARN_OBJC_ROOT_CLASS = YES_ERROR;
				CLANG_WARN_QUOTED_INCLUDE_IN_FRAMEWORK_HEADER = YES;
				CLANG_WARN_RANGE_LOOP_ANALYSIS = YES;
				CLANG_WARN_STRICT_PROTOTYPES = YES;
				CLANG_WARN_SUSPICIOUS_MOVE = YES;
				CLANG_WARN_UNGUARDED_AVAILABILITY = YES_AGGRESSIVE;
				CLANG_WARN_UNREACHABLE_CODE = YES;
				CLANG_WARN__DUPLICATE_METHOD_MATCH = YES;
				COPY_PHASE_STRIP = NO;
				DEBUG_INFORMATION_FORMAT = dwarf;
				ENABLE_STRICT_OBJC_MSGSEND = YES;
				ENABLE_TESTABILITY = YES;
				ENABLE_USER_SCRIPT_SANDBOXING = YES;
				GCC_C_LANGUAGE_STANDARD = gnu17;
				GCC_DYNAMIC_NO_PIC = NO;
				GCC_NO_COMMON_BLOCKS = YES;
				GCC_OPTIMIZATION_LEVEL = 0;
				GCC_PREPROCESSOR_DEFINITIONS = (
					"DEBUG=1",
					"$(inherited)",
				);
				GCC_WARN_64_TO_32_BIT_CONVERSION = YES;
				GCC_WARN_ABOUT_RETURN_TYPE = YES_ERROR;
				GCC_WARN_UNDECLARED_SELECTOR = YES;
				GCC_WARN_UNINITIALIZED_AUTOS = YES_AGGRESSIVE;
				GCC_WARN_UNUSED_FUNCTION = YES;
				GCC_WARN_UNUSED_VARIABLE = YES;
				LOCALIZATION_PREFERS_STRING_CATALOGS = YES;
				MTL_ENABLE_DEBUG_INFO = INCLUDE_SOURCE;
				MTL_FAST_MATH = YES;
				ONLY_ACTIVE_ARCH = YES;
				SWIFT_ACTIVE_COMPILATION_CONDITIONS = "DEBUG $(inherited)";
				SWIFT_OPTIMIZATION_LEVEL = "-Onone";
			};
			name = Debug;
		};
		72370C1F2EA7D579003FB79F /* Release */ = {
			isa = XCBuildConfiguration;
			buildSettings = {
				ALWAYS_SEARCH_USER_PATHS = NO;
				ASSETCATALOG_COMPILER_GENERATE_SWIFT_ASSET_SYMBOL_EXTENSIONS = YES;
				CLANG_ANALYZER_NONNULL = YES;
				CLANG_ANALYZER_NUMBER_OBJECT_CONVERSION = YES_AGGRESSIVE;
				CLANG_CXX_LANGUAGE_STANDARD = "gnu++20";
				CLANG_ENABLE_MODULES = YES;
				CLANG_ENABLE_OBJC_ARC = YES;
				CLANG_ENABLE_OBJC_WEAK = YES;
				CLANG_WARN_BLOCK_CAPTURE_AUTORELEASING = YES;
				CLANG_WARN_BOOL_CONVERSION = YES;
				CLANG_WARN_COMMA = YES;
				CLANG_WARN_CONSTANT_CONVERSION = YES;
				CLANG_WARN_DEPRECATED_OBJC_IMPLEMENTATIONS = YES;
				CLANG_WARN_DIRECT_OBJC_ISA_USAGE = YES_ERROR;
				CLANG_WARN_DOCUMENTATION_COMMENTS = YES;
				CLANG_WARN_EMPTY_BODY = YES;
				CLANG_WARN_ENUM_CONVERSION = YES;
				CLANG_WARN_INFINITE_RECURSION = YES;
				CLANG_WARN_INT_CONVERSION = YES;
				CLANG_WARN_NON_LITERAL_NULL_CONVERSION = YES;
				CLANG_WARN_OBJC_IMPLICIT_RETAIN_SELF = YES;
				CLANG_WARN_OBJC_LITERAL_CONVERSION = YES;
				CLANG_WARN_OBJC_ROOT_CLASS = YES_ERROR;
				CLANG_WARN_QUOTED_INCLUDE_IN_FRAMEWORK_HEADER = YES;
				CLANG_WARN_RANGE_LOOP_ANALYSIS = YES;
				CLANG_WARN_STRICT_PROTOTYPES = YES;
				CLANG_WARN_SUSPICIOUS_MOVE = YES;
				CLANG_WARN_UNGUARDED_AVAILABILITY = YES_AGGRESSIVE;
				CLANG_WARN_UNREACHABLE_CODE = YES;
				CLANG_WARN__DUPLICATE_METHOD_MATCH = YES;
				COPY_PHASE_STRIP = NO;
				DEBUG_INFORMATION_FORMAT = "dwarf-with-dsym";
				ENABLE_NS_ASSERTIONS = NO;
				ENABLE_STRICT_OBJC_MSGSEND = YES;
				ENABLE_USER_SCRIPT_SANDBOXING = YES;
				GCC_C_LANGUAGE_STANDARD = gnu17;
				GCC_NO_COMMON_BLOCKS = YES;
				GCC_WARN_64_TO_32_BIT_CONVERSION = YES;
				GCC_WARN_ABOUT_RETURN_TYPE = YES_ERROR;
				GCC_WARN_UNDECLARED_SELECTOR = YES;
				GCC_WARN_UNINITIALIZED_AUTOS = YES_AGGRESSIVE;
				GCC_WARN_UNUSED_FUNCTION = YES;
				GCC_WARN_UNUSED_VARIABLE = YES;
				LOCALIZATION_PREFERS_STRING_CATALOGS = YES;
				MTL_ENABLE_DEBUG_INFO = NO;
				MTL_FAST_MATH = YES;
				SWIFT_COMPILATION_MODE = wholemodule;
			};
			name = Release;
		};
		72370C212EA7D579003FB79F /* Debug */ = {
			isa = XCBuildConfiguration;
			baseConfigurationReference = 9A31CF2628201B6A0F97FB77 /* Pods-ChicknRabbitFarm.debug.xcconfig */;
			buildSettings = {
				ASSETCATALOG_COMPILER_APPICON_NAME = AppIcon;
				ASSETCATALOG_COMPILER_GLOBAL_ACCENT_COLOR_NAME = AccentColor;
				CODE_SIGN_STYLE = Automatic;
				CURRENT_PROJECT_VERSION = 1;
				DEVELOPMENT_TEAM = 99Y7AUQG6Y;
				ENABLE_PREVIEWS = YES;
				GENERATE_INFOPLIST_FILE = YES;
				INFOPLIST_FILE = ChicknRabbitFarm/Info.plist;
				"INFOPLIST_KEY_UIApplicationSceneManifest_Generation[sdk=iphoneos*]" = YES;
				"INFOPLIST_KEY_UIApplicationSceneManifest_Generation[sdk=iphonesimulator*]" = YES;
				"INFOPLIST_KEY_UIApplicationSupportsIndirectInputEvents[sdk=iphoneos*]" = YES;
				"INFOPLIST_KEY_UIApplicationSupportsIndirectInputEvents[sdk=iphonesimulator*]" = YES;
				"INFOPLIST_KEY_UILaunchScreen_Generation[sdk=iphoneos*]" = YES;
				"INFOPLIST_KEY_UILaunchScreen_Generation[sdk=iphonesimulator*]" = YES;
				"INFOPLIST_KEY_UIStatusBarStyle[sdk=iphoneos*]" = UIStatusBarStyleDefault;
				"INFOPLIST_KEY_UIStatusBarStyle[sdk=iphonesimulator*]" = UIStatusBarStyleDefault;
				INFOPLIST_KEY_UISupportedInterfaceOrientations = UIInterfaceOrientationPortrait;
				INFOPLIST_KEY_UISupportedInterfaceOrientations_iPad = "UIInterfaceOrientationLandscapeLeft UIInterfaceOrientationLandscapeRight UIInterfaceOrientationPortrait UIInterfaceOrientationPortraitUpsideDown";
				IPHONEOS_DEPLOYMENT_TARGET = 15.0;
				LD_RUNPATH_SEARCH_PATHS = "@executable_path/Frameworks";
				"LD_RUNPATH_SEARCH_PATHS[sdk=macosx*]" = "@executable_path/../Frameworks";
				MACOSX_DEPLOYMENT_TARGET = 15.4;
				MARKETING_VERSION = 1.1;
				PRODUCT_BUNDLE_IDENTIFIER = com.osmanproj.app;
				PRODUCT_NAME = "$(TARGET_NAME)";
				REGISTER_APP_GROUPS = YES;
				SDKROOT = auto;
				SUPPORTED_PLATFORMS = "iphoneos iphonesimulator";
				SUPPORTS_MACCATALYST = NO;
				SWIFT_EMIT_LOC_STRINGS = YES;
				SWIFT_VERSION = 5.0;
				TARGETED_DEVICE_FAMILY = 1;
				XROS_DEPLOYMENT_TARGET = 2.4;
			};
			name = Debug;
		};
		72370C222EA7D579003FB79F /* Release */ = {
			isa = XCBuildConfiguration;
			baseConfigurationReference = A29355619958D28D683B1E37 /* Pods-ChicknRabbitFarm.release.xcconfig */;
			buildSettings = {
				ASSETCATALOG_COMPILER_APPICON_NAME = AppIcon;
				ASSETCATALOG_COMPILER_GLOBAL_ACCENT_COLOR_NAME = AccentColor;
				CODE_SIGN_STYLE = Automatic;
				CURRENT_PROJECT_VERSION = 1;
				DEVELOPMENT_TEAM = 99Y7AUQG6Y;
				ENABLE_PREVIEWS = YES;
				GENERATE_INFOPLIST_FILE = YES;
				INFOPLIST_FILE = ChicknRabbitFarm/Info.plist;
				"INFOPLIST_KEY_UIApplicationSceneManifest_Generation[sdk=iphoneos*]" = YES;
				"INFOPLIST_KEY_UIApplicationSceneManifest_Generation[sdk=iphonesimulator*]" = YES;
				"INFOPLIST_KEY_UIApplicationSupportsIndirectInputEvents[sdk=iphoneos*]" = YES;
				"INFOPLIST_KEY_UIApplicationSupportsIndirectInputEvents[sdk=iphonesimulator*]" = YES;
				"INFOPLIST_KEY_UILaunchScreen_Generation[sdk=iphoneos*]" = YES;
				"INFOPLIST_KEY_UILaunchScreen_Generation[sdk=iphonesimulator*]" = YES;
				"INFOPLIST_KEY_UIStatusBarStyle[sdk=iphoneos*]" = UIStatusBarStyleDefault;
				"INFOPLIST_KEY_UIStatusBarStyle[sdk=iphonesimulator*]" = UIStatusBarStyleDefault;
				INFOPLIST_KEY_UISupportedInterfaceOrientations = UIInterfaceOrientationPortrait;
				INFOPLIST_KEY_UISupportedInterfaceOrientations_iPad = "UIInterfaceOrientationLandscapeLeft UIInterfaceOrientationLandscapeRight UIInterfaceOrientationPortrait UIInterfaceOrientationPortraitUpsideDown";
				IPHONEOS_DEPLOYMENT_TARGET = 15.0;
				LD_RUNPATH_SEARCH_PATHS = "@executable_path/Frameworks";
				"LD_RUNPATH_SEARCH_PATHS[sdk=macosx*]" = "@executable_path/../Frameworks";
				MACOSX_DEPLOYMENT_TARGET = 15.4;
				MARKETING_VERSION = 1.1;
				PRODUCT_BUNDLE_IDENTIFIER = com.osmanproj.app;
				PRODUCT_NAME = "$(TARGET_NAME)";
				REGISTER_APP_GROUPS = YES;
				SDKROOT = auto;
				SUPPORTED_PLATFORMS = "iphoneos iphonesimulator";
				SUPPORTS_MACCATALYST = NO;
				SWIFT_EMIT_LOC_STRINGS = YES;
				SWIFT_VERSION = 5.0;
				TARGETED_DEVICE_FAMILY = 1;
				XROS_DEPLOYMENT_TARGET = 2.4;
			};
			name = Release;
		};
/* End XCBuildConfiguration section */

/* Begin XCConfigurationList section */
		72370C0F2EA7D578003FB79F /* Build configuration list for PBXProject "ChicknRabbitFarm" */ = {
			isa = XCConfigurationList;
			buildConfigurations = (
				72370C1E2EA7D579003FB79F /* Debug */,
				72370C1F2EA7D579003FB79F /* Release */,
			);
			defaultConfigurationIsVisible = 0;
			defaultConfigurationName = Release;
		};
		72370C202EA7D579003FB79F /* Build configuration list for PBXNativeTarget "ChicknRabbitFarm" */ = {
			isa = XCConfigurationList;
			buildConfigurations = (
				72370C212EA7D579003FB79F /* Debug */,
				72370C222EA7D579003FB79F /* Release */,
			);
			defaultConfigurationIsVisible = 0;
			defaultConfigurationName = Release;
		};
/* End XCConfigurationList section */
	};
	rootObject = 72370C0C2EA7D578003FB79F /* Project object */;
}
